// !$*UTF8*$!
{
	archiveVersion = 1;
	classes = {
	};
	objectVersion = 55;
	objects = {

/* Begin PBXBuildFile section */
		09C2D1EEDA09619A1468EC8F /* Pods_NikoMoodTests.framework in Frameworks */ = {isa = PBXBuildFile; fileRef = 3D595B9DA5E0315C8DABBD17 /* Pods_NikoMoodTests.framework */; };
		652307CB27EC92F40069EB12 /* NikorecordViewController.swift in Sources */ = {isa = PBXBuildFile; fileRef = 652307CA27EC92F40069EB12 /* NikorecordViewController.swift */; };
		652CB7A727E36831003C9AFB /* AppDelegate.swift in Sources */ = {isa = PBXBuildFile; fileRef = 652CB7A627E36831003C9AFB /* AppDelegate.swift */; };
		652CB7A927E36831003C9AFB /* SceneDelegate.swift in Sources */ = {isa = PBXBuildFile; fileRef = 652CB7A827E36831003C9AFB /* SceneDelegate.swift */; };
		652CB7AB27E36831003C9AFB /* ViewController.swift in Sources */ = {isa = PBXBuildFile; fileRef = 652CB7AA27E36831003C9AFB /* ViewController.swift */; };
		652CB7AE27E36831003C9AFB /* Main.storyboard in Resources */ = {isa = PBXBuildFile; fileRef = 652CB7AC27E36831003C9AFB /* Main.storyboard */; };
		652CB7B327E36833003C9AFB /* LaunchScreen.storyboard in Resources */ = {isa = PBXBuildFile; fileRef = 652CB7B127E36833003C9AFB /* LaunchScreen.storyboard */; };
		652CB7D727E36A84003C9AFB /* GoogleService-Info.plist in Resources */ = {isa = PBXBuildFile; fileRef = 652CB7D627E36A84003C9AFB /* GoogleService-Info.plist */; };
		652CB7DA27E36E17003C9AFB /* SignUpViewController.swift in Sources */ = {isa = PBXBuildFile; fileRef = 652CB7D927E36E17003C9AFB /* SignUpViewController.swift */; };
		652CB7DC27E36E3F003C9AFB /* LoginViewController.swift in Sources */ = {isa = PBXBuildFile; fileRef = 652CB7DB27E36E3F003C9AFB /* LoginViewController.swift */; };
		652CB7E127E4BDD6003C9AFB /* Utilities.swift in Sources */ = {isa = PBXBuildFile; fileRef = 652CB7E027E4BDD6003C9AFB /* Utilities.swift */; };
		6538BA7C27ECB06A00C1B8EF /* UIViewController.swift in Sources */ = {isa = PBXBuildFile; fileRef = 6538BA7B27ECB06A00C1B8EF /* UIViewController.swift */; };
		6538BA7E27EDA92A00C1B8EF /* Assets.xcassets in Resources */ = {isa = PBXBuildFile; fileRef = 6538BA7D27EDA92A00C1B8EF /* Assets.xcassets */; };
		6538BA8027F08E9000C1B8EF /* 5MCauseTableViewController.swift in Sources */ = {isa = PBXBuildFile; fileRef = 6538BA7F27F08E9000C1B8EF /* 5MCauseTableViewController.swift */; };
		6538BA8427F11B2E00C1B8EF /* NikoGlobalType.swift in Sources */ = {isa = PBXBuildFile; fileRef = 6538BA8327F11B2E00C1B8EF /* NikoGlobalType.swift */; };
		65462AA227E618AB005C780E /* Constants.swift in Sources */ = {isa = PBXBuildFile; fileRef = 65462AA127E618AB005C780E /* Constants.swift */; };
		65502D132825C82B00386163 /* String.swift in Sources */ = {isa = PBXBuildFile; fileRef = 65502D122825C82B00386163 /* String.swift */; };
		65502D172825CAE400386163 /* Localizable.strings in Resources */ = {isa = PBXBuildFile; fileRef = 65502D192825CAE400386163 /* Localizable.strings */; };
		655AD4712816CCC80053F2BA /* AuthFirebase.swift in Sources */ = {isa = PBXBuildFile; fileRef = 655AD4702816CCC80053F2BA /* AuthFirebase.swift */; };
		655AD4732816CD390053F2BA /* AuthService.swift in Sources */ = {isa = PBXBuildFile; fileRef = 655AD4722816CD390053F2BA /* AuthService.swift */; };
		655AD4772816D7EE0053F2BA /* FirebaseDatabase.swift in Sources */ = {isa = PBXBuildFile; fileRef = 655AD4762816D7EE0053F2BA /* FirebaseDatabase.swift */; };
		655AD4792816D7FA0053F2BA /* DatabaseManager.swift in Sources */ = {isa = PBXBuildFile; fileRef = 655AD4782816D7FA0053F2BA /* DatabaseManager.swift */; };
		655AD481281D591F0053F2BA /* AuthServiceTests.swift in Sources */ = {isa = PBXBuildFile; fileRef = 655AD480281D591F0053F2BA /* AuthServiceTests.swift */; };
		656386B927F5E59B00539713 /* UITableViewCell.swift in Sources */ = {isa = PBXBuildFile; fileRef = 656386B827F5E59B00539713 /* UITableViewCell.swift */; };
		656386BB27F6CB2D00539713 /* EntrepriseLocation.swift in Sources */ = {isa = PBXBuildFile; fileRef = 656386BA27F6CB2D00539713 /* EntrepriseLocation.swift */; };
		656386BD27F72A0600539713 /* CalendarHelper.swift in Sources */ = {isa = PBXBuildFile; fileRef = 656386BC27F72A0600539713 /* CalendarHelper.swift */; };
		656386BF27F72B6A00539713 /* CalendarCell.swift in Sources */ = {isa = PBXBuildFile; fileRef = 656386BE27F72B6A00539713 /* CalendarCell.swift */; };
		656386C127F9D25500539713 /* LocationTableCell.swift in Sources */ = {isa = PBXBuildFile; fileRef = 656386C027F9D25500539713 /* LocationTableCell.swift */; };
		6563870127FCED7A00539713 /* TeamLocationTableViewController.swift in Sources */ = {isa = PBXBuildFile; fileRef = 6563870027FCED7A00539713 /* TeamLocationTableViewController.swift */; };
		657BA442281EB40600602981 /* DatabaseManagerTests.swift in Sources */ = {isa = PBXBuildFile; fileRef = 657BA441281EB40600602981 /* DatabaseManagerTests.swift */; };
		65AF5428280F4A57003C222A /* IshikawaViewController.swift in Sources */ = {isa = PBXBuildFile; fileRef = 65AF5427280F4A57003C222A /* IshikawaViewController.swift */; };
		65D3F12C27F4B0CB00D0355C /* FirestoreError.swift in Sources */ = {isa = PBXBuildFile; fileRef = 65D3F12B27F4B0CB00D0355C /* FirestoreError.swift */; };
		65D3F13427F5CE2D00D0355C /* CalendViewController.swift in Sources */ = {isa = PBXBuildFile; fileRef = 65D3F13327F5CE2D00D0355C /* CalendViewController.swift */; };
		65EC619D282ADAD5004C509F /* GenericTableView.swift in Sources */ = {isa = PBXBuildFile; fileRef = 65EC619C282ADAD5004C509F /* GenericTableView.swift */; };
		65F5B746280CC040003A9968 /* NikoSuiviViewController.swift in Sources */ = {isa = PBXBuildFile; fileRef = 65F5B745280CC040003A9968 /* NikoSuiviViewController.swift */; };
		FC956A3E822ED87C96C80078 /* Pods_NikoMood.framework in Frameworks */ = {isa = PBXBuildFile; fileRef = 65924F9B32266F7CDDC68A4F /* Pods_NikoMood.framework */; };
/* End PBXBuildFile section */

/* Begin PBXContainerItemProxy section */
		655AD482281D591F0053F2BA /* PBXContainerItemProxy */ = {
			isa = PBXContainerItemProxy;
			containerPortal = 652CB79B27E36831003C9AFB /* Project object */;
			proxyType = 1;
			remoteGlobalIDString = 652CB7A227E36831003C9AFB;
			remoteInfo = NikoMood;
		};
/* End PBXContainerItemProxy section */

/* Begin PBXFileReference section */
		357FC984621A25277A837CA4 /* Pods-NikoMoodTests.debug.xcconfig */ = {isa = PBXFileReference; includeInIndex = 1; lastKnownFileType = text.xcconfig; name = "Pods-NikoMoodTests.debug.xcconfig"; path = "Target Support Files/Pods-NikoMoodTests/Pods-NikoMoodTests.debug.xcconfig"; sourceTree = "<group>"; };
		3D595B9DA5E0315C8DABBD17 /* Pods_NikoMoodTests.framework */ = {isa = PBXFileReference; explicitFileType = wrapper.framework; includeInIndex = 0; path = Pods_NikoMoodTests.framework; sourceTree = BUILT_PRODUCTS_DIR; };
		4B1FE6FE1A7E2918404F6AB3 /* Pods-NikoMoodTests.release.xcconfig */ = {isa = PBXFileReference; includeInIndex = 1; lastKnownFileType = text.xcconfig; name = "Pods-NikoMoodTests.release.xcconfig"; path = "Target Support Files/Pods-NikoMoodTests/Pods-NikoMoodTests.release.xcconfig"; sourceTree = "<group>"; };
		652307CA27EC92F40069EB12 /* NikorecordViewController.swift */ = {isa = PBXFileReference; lastKnownFileType = sourcecode.swift; path = NikorecordViewController.swift; sourceTree = "<group>"; };
		652CB7A327E36831003C9AFB /* NikoMood.app */ = {isa = PBXFileReference; explicitFileType = wrapper.application; includeInIndex = 0; path = NikoMood.app; sourceTree = BUILT_PRODUCTS_DIR; };
		652CB7A627E36831003C9AFB /* AppDelegate.swift */ = {isa = PBXFileReference; lastKnownFileType = sourcecode.swift; path = AppDelegate.swift; sourceTree = "<group>"; };
		652CB7A827E36831003C9AFB /* SceneDelegate.swift */ = {isa = PBXFileReference; lastKnownFileType = sourcecode.swift; path = SceneDelegate.swift; sourceTree = "<group>"; };
		652CB7AA27E36831003C9AFB /* ViewController.swift */ = {isa = PBXFileReference; lastKnownFileType = sourcecode.swift; path = ViewController.swift; sourceTree = "<group>"; };
		652CB7AD27E36831003C9AFB /* Base */ = {isa = PBXFileReference; lastKnownFileType = file.storyboard; name = Base; path = Base.lproj/Main.storyboard; sourceTree = "<group>"; };
		652CB7B227E36833003C9AFB /* Base */ = {isa = PBXFileReference; lastKnownFileType = file.storyboard; name = Base; path = Base.lproj/LaunchScreen.storyboard; sourceTree = "<group>"; };
		652CB7B427E36833003C9AFB /* Info.plist */ = {isa = PBXFileReference; lastKnownFileType = text.plist.xml; path = Info.plist; sourceTree = "<group>"; };
		652CB7D627E36A84003C9AFB /* GoogleService-Info.plist */ = {isa = PBXFileReference; fileEncoding = 4; lastKnownFileType = text.plist.xml; path = "GoogleService-Info.plist"; sourceTree = "<group>"; };
		652CB7D927E36E17003C9AFB /* SignUpViewController.swift */ = {isa = PBXFileReference; lastKnownFileType = sourcecode.swift; path = SignUpViewController.swift; sourceTree = "<group>"; };
		652CB7DB27E36E3F003C9AFB /* LoginViewController.swift */ = {isa = PBXFileReference; lastKnownFileType = sourcecode.swift; path = LoginViewController.swift; sourceTree = "<group>"; };
		652CB7E027E4BDD6003C9AFB /* Utilities.swift */ = {isa = PBXFileReference; lastKnownFileType = sourcecode.swift; path = Utilities.swift; sourceTree = "<group>"; };
		6538BA7B27ECB06A00C1B8EF /* UIViewController.swift */ = {isa = PBXFileReference; lastKnownFileType = sourcecode.swift; path = UIViewController.swift; sourceTree = "<group>"; };
		6538BA7D27EDA92A00C1B8EF /* Assets.xcassets */ = {isa = PBXFileReference; lastKnownFileType = folder.assetcatalog; path = Assets.xcassets; sourceTree = "<group>"; };
		6538BA7F27F08E9000C1B8EF /* 5MCauseTableViewController.swift */ = {isa = PBXFileReference; lastKnownFileType = sourcecode.swift; path = 5MCauseTableViewController.swift; sourceTree = "<group>"; };
		6538BA8327F11B2E00C1B8EF /* NikoGlobalType.swift */ = {isa = PBXFileReference; lastKnownFileType = sourcecode.swift; path = NikoGlobalType.swift; sourceTree = "<group>"; };
		65462AA127E618AB005C780E /* Constants.swift */ = {isa = PBXFileReference; lastKnownFileType = sourcecode.swift; path = Constants.swift; sourceTree = "<group>"; };
		65502D122825C82B00386163 /* String.swift */ = {isa = PBXFileReference; lastKnownFileType = sourcecode.swift; path = String.swift; sourceTree = "<group>"; };
		65502D182825CAE400386163 /* en */ = {isa = PBXFileReference; lastKnownFileType = text.plist.strings; name = en; path = en.lproj/Localizable.strings; sourceTree = "<group>"; };
		65502D1B2825CFDC00386163 /* fr */ = {isa = PBXFileReference; lastKnownFileType = text.plist.strings; name = fr; path = fr.lproj/Main.strings; sourceTree = "<group>"; };
		65502D1E2825D00F00386163 /* fr */ = {isa = PBXFileReference; lastKnownFileType = text.plist.strings; name = fr; path = fr.lproj/Localizable.strings; sourceTree = "<group>"; };
		655AD4702816CCC80053F2BA /* AuthFirebase.swift */ = {isa = PBXFileReference; fileEncoding = 4; lastKnownFileType = sourcecode.swift; path = AuthFirebase.swift; sourceTree = "<group>"; };
		655AD4722816CD390053F2BA /* AuthService.swift */ = {isa = PBXFileReference; fileEncoding = 4; lastKnownFileType = sourcecode.swift; path = AuthService.swift; sourceTree = "<group>"; };
		655AD4762816D7EE0053F2BA /* FirebaseDatabase.swift */ = {isa = PBXFileReference; fileEncoding = 4; lastKnownFileType = sourcecode.swift; path = FirebaseDatabase.swift; sourceTree = "<group>"; };
		655AD4782816D7FA0053F2BA /* DatabaseManager.swift */ = {isa = PBXFileReference; fileEncoding = 4; lastKnownFileType = sourcecode.swift; path = DatabaseManager.swift; sourceTree = "<group>"; };
		655AD47E281D591F0053F2BA /* NikoMoodTests.xctest */ = {isa = PBXFileReference; explicitFileType = wrapper.cfbundle; includeInIndex = 0; path = NikoMoodTests.xctest; sourceTree = BUILT_PRODUCTS_DIR; };
		655AD480281D591F0053F2BA /* AuthServiceTests.swift */ = {isa = PBXFileReference; lastKnownFileType = sourcecode.swift; path = AuthServiceTests.swift; sourceTree = "<group>"; };
		656386B827F5E59B00539713 /* UITableViewCell.swift */ = {isa = PBXFileReference; lastKnownFileType = sourcecode.swift; path = UITableViewCell.swift; sourceTree = "<group>"; };
		656386BA27F6CB2D00539713 /* EntrepriseLocation.swift */ = {isa = PBXFileReference; lastKnownFileType = sourcecode.swift; path = EntrepriseLocation.swift; sourceTree = "<group>"; };
		656386BC27F72A0600539713 /* CalendarHelper.swift */ = {isa = PBXFileReference; fileEncoding = 4; lastKnownFileType = sourcecode.swift; path = CalendarHelper.swift; sourceTree = "<group>"; };
		656386BE27F72B6A00539713 /* CalendarCell.swift */ = {isa = PBXFileReference; fileEncoding = 4; lastKnownFileType = sourcecode.swift; path = CalendarCell.swift; sourceTree = "<group>"; };
		656386C027F9D25500539713 /* LocationTableCell.swift */ = {isa = PBXFileReference; lastKnownFileType = sourcecode.swift; path = LocationTableCell.swift; sourceTree = "<group>"; };
		6563870027FCED7A00539713 /* TeamLocationTableViewController.swift */ = {isa = PBXFileReference; lastKnownFileType = sourcecode.swift; path = TeamLocationTableViewController.swift; sourceTree = "<group>"; };
		657BA441281EB40600602981 /* DatabaseManagerTests.swift */ = {isa = PBXFileReference; lastKnownFileType = sourcecode.swift; path = DatabaseManagerTests.swift; sourceTree = "<group>"; };
		65924F9B32266F7CDDC68A4F /* Pods_NikoMood.framework */ = {isa = PBXFileReference; explicitFileType = wrapper.framework; includeInIndex = 0; path = Pods_NikoMood.framework; sourceTree = BUILT_PRODUCTS_DIR; };
		65AF5427280F4A57003C222A /* IshikawaViewController.swift */ = {isa = PBXFileReference; lastKnownFileType = sourcecode.swift; path = IshikawaViewController.swift; sourceTree = "<group>"; };
		65D3F12B27F4B0CB00D0355C /* FirestoreError.swift */ = {isa = PBXFileReference; lastKnownFileType = sourcecode.swift; path = FirestoreError.swift; sourceTree = "<group>"; };
		65D3F13327F5CE2D00D0355C /* CalendViewController.swift */ = {isa = PBXFileReference; lastKnownFileType = sourcecode.swift; path = CalendViewController.swift; sourceTree = "<group>"; };
		65EC619C282ADAD5004C509F /* GenericTableView.swift */ = {isa = PBXFileReference; fileEncoding = 4; lastKnownFileType = sourcecode.swift; path = GenericTableView.swift; sourceTree = "<group>"; };
		65F5B745280CC040003A9968 /* NikoSuiviViewController.swift */ = {isa = PBXFileReference; lastKnownFileType = sourcecode.swift; path = NikoSuiviViewController.swift; sourceTree = "<group>"; };
		6FB0920377F7C20C5BE299C4 /* Pods-NikoMood.debug.xcconfig */ = {isa = PBXFileReference; includeInIndex = 1; lastKnownFileType = text.xcconfig; name = "Pods-NikoMood.debug.xcconfig"; path = "Target Support Files/Pods-NikoMood/Pods-NikoMood.debug.xcconfig"; sourceTree = "<group>"; };
		A897EF6B93E9ADE363CC83D4 /* Pods-NikoMood.release.xcconfig */ = {isa = PBXFileReference; includeInIndex = 1; lastKnownFileType = text.xcconfig; name = "Pods-NikoMood.release.xcconfig"; path = "Target Support Files/Pods-NikoMood/Pods-NikoMood.release.xcconfig"; sourceTree = "<group>"; };
/* End PBXFileReference section */

/* Begin PBXFrameworksBuildPhase section */
		652CB7A027E36831003C9AFB /* Frameworks */ = {
			isa = PBXFrameworksBuildPhase;
			buildActionMask = 2147483647;
			files = (
				FC956A3E822ED87C96C80078 /* Pods_NikoMood.framework in Frameworks */,
			);
			runOnlyForDeploymentPostprocessing = 0;
		};
		655AD47B281D591F0053F2BA /* Frameworks */ = {
			isa = PBXFrameworksBuildPhase;
			buildActionMask = 2147483647;
			files = (
				09C2D1EEDA09619A1468EC8F /* Pods_NikoMoodTests.framework in Frameworks */,
			);
			runOnlyForDeploymentPostprocessing = 0;
		};
/* End PBXFrameworksBuildPhase section */

/* Begin PBXGroup section */
		652CB79A27E36831003C9AFB = {
			isa = PBXGroup;
			children = (
				652CB7A527E36831003C9AFB /* NikoMood */,
				655AD47F281D591F0053F2BA /* NikoMoodTests */,
				652CB7A427E36831003C9AFB /* Products */,
				96605B60BB4623993541E569 /* Pods */,
				F677EA97AC1BA140B4FDFC80 /* Frameworks */,
			);
			sourceTree = "<group>";
		};
		652CB7A427E36831003C9AFB /* Products */ = {
			isa = PBXGroup;
			children = (
				652CB7A327E36831003C9AFB /* NikoMood.app */,
				655AD47E281D591F0053F2BA /* NikoMoodTests.xctest */,
			);
			name = Products;
			sourceTree = "<group>";
		};
		652CB7A527E36831003C9AFB /* NikoMood */ = {
			isa = PBXGroup;
			children = (
				6538BA8127F118C700C1B8EF /* Model */,
				6538BA8227F1193900C1B8EF /* View */,
				652CB7DF27E36EB1003C9AFB /* Controllers */,
				652CB7A827E36831003C9AFB /* SceneDelegate.swift */,
				652CB7A627E36831003C9AFB /* AppDelegate.swift */,
				652CB7E227E4C33F003C9AFB /* Helpers */,
				6538BA7A27ECB03000C1B8EF /* Extensions */,
				6538BA7D27EDA92A00C1B8EF /* Assets.xcassets */,
				652CB7B427E36833003C9AFB /* Info.plist */,
				652CB7D627E36A84003C9AFB /* GoogleService-Info.plist */,
				65502D192825CAE400386163 /* Localizable.strings */,
			);
			path = NikoMood;
			sourceTree = "<group>";
		};
		652CB7DF27E36EB1003C9AFB /* Controllers */ = {
			isa = PBXGroup;
			children = (
				652CB7D927E36E17003C9AFB /* SignUpViewController.swift */,
				652CB7DB27E36E3F003C9AFB /* LoginViewController.swift */,
				652CB7AA27E36831003C9AFB /* ViewController.swift */,
				652307CA27EC92F40069EB12 /* NikorecordViewController.swift */,
				6538BA7F27F08E9000C1B8EF /* 5MCauseTableViewController.swift */,
				65D3F13327F5CE2D00D0355C /* CalendViewController.swift */,
				65EC619C282ADAD5004C509F /* GenericTableView.swift */,
				656386BE27F72B6A00539713 /* CalendarCell.swift */,
				656386C027F9D25500539713 /* LocationTableCell.swift */,
				6563870027FCED7A00539713 /* TeamLocationTableViewController.swift */,
				65F5B745280CC040003A9968 /* NikoSuiviViewController.swift */,
				65AF5427280F4A57003C222A /* IshikawaViewController.swift */,
			);
			path = Controllers;
			sourceTree = "<group>";
		};
		652CB7E227E4C33F003C9AFB /* Helpers */ = {
			isa = PBXGroup;
			children = (
				652CB7E027E4BDD6003C9AFB /* Utilities.swift */,
				65462AA127E618AB005C780E /* Constants.swift */,
			);
			path = Helpers;
			sourceTree = "<group>";
		};
		6538BA7A27ECB03000C1B8EF /* Extensions */ = {
			isa = PBXGroup;
			children = (
				6538BA7B27ECB06A00C1B8EF /* UIViewController.swift */,
				656386B827F5E59B00539713 /* UITableViewCell.swift */,
				65502D122825C82B00386163 /* String.swift */,
			);
			path = Extensions;
			sourceTree = "<group>";
		};
		6538BA8127F118C700C1B8EF /* Model */ = {
			isa = PBXGroup;
			children = (
				655AD46E2816CC110053F2BA /* Auth */,
				655AD46F2816CC410053F2BA /* Database */,
				6538BA8327F11B2E00C1B8EF /* NikoGlobalType.swift */,
				65D3F12B27F4B0CB00D0355C /* FirestoreError.swift */,
				656386BA27F6CB2D00539713 /* EntrepriseLocation.swift */,
				656386BC27F72A0600539713 /* CalendarHelper.swift */,
			);
			path = Model;
			sourceTree = "<group>";
		};
		6538BA8227F1193900C1B8EF /* View */ = {
			isa = PBXGroup;
			children = (
				652CB7AC27E36831003C9AFB /* Main.storyboard */,
				652CB7B127E36833003C9AFB /* LaunchScreen.storyboard */,
			);
			path = View;
			sourceTree = "<group>";
		};
		655AD46E2816CC110053F2BA /* Auth */ = {
			isa = PBXGroup;
			children = (
				655AD4702816CCC80053F2BA /* AuthFirebase.swift */,
				655AD4722816CD390053F2BA /* AuthService.swift */,
			);
			path = Auth;
			sourceTree = "<group>";
		};
		655AD46F2816CC410053F2BA /* Database */ = {
			isa = PBXGroup;
			children = (
				655AD4762816D7EE0053F2BA /* FirebaseDatabase.swift */,
				655AD4782816D7FA0053F2BA /* DatabaseManager.swift */,
			);
			path = Database;
			sourceTree = "<group>";
		};
		655AD47F281D591F0053F2BA /* NikoMoodTests */ = {
			isa = PBXGroup;
			children = (
				655AD480281D591F0053F2BA /* AuthServiceTests.swift */,
				657BA441281EB40600602981 /* DatabaseManagerTests.swift */,
			);
			path = NikoMoodTests;
			sourceTree = "<group>";
		};
		96605B60BB4623993541E569 /* Pods */ = {
			isa = PBXGroup;
			children = (
				6FB0920377F7C20C5BE299C4 /* Pods-NikoMood.debug.xcconfig */,
				A897EF6B93E9ADE363CC83D4 /* Pods-NikoMood.release.xcconfig */,
				357FC984621A25277A837CA4 /* Pods-NikoMoodTests.debug.xcconfig */,
				4B1FE6FE1A7E2918404F6AB3 /* Pods-NikoMoodTests.release.xcconfig */,
			);
			path = Pods;
			sourceTree = "<group>";
		};
		F677EA97AC1BA140B4FDFC80 /* Frameworks */ = {
			isa = PBXGroup;
			children = (
				65924F9B32266F7CDDC68A4F /* Pods_NikoMood.framework */,
				3D595B9DA5E0315C8DABBD17 /* Pods_NikoMoodTests.framework */,
			);
			name = Frameworks;
			sourceTree = "<group>";
		};
/* End PBXGroup section */

/* Begin PBXNativeTarget section */
		652CB7A227E36831003C9AFB /* NikoMood */ = {
			isa = PBXNativeTarget;
			buildConfigurationList = 652CB7CD27E36833003C9AFB /* Build configuration list for PBXNativeTarget "NikoMood" */;
			buildPhases = (
				9FF2EC41FCDC361CCEE52B4F /* [CP] Check Pods Manifest.lock */,
				652CB79F27E36831003C9AFB /* Sources */,
				652CB7A027E36831003C9AFB /* Frameworks */,
				652CB7A127E36831003C9AFB /* Resources */,
				7F644901EFD6767C6B33D382 /* [CP] Embed Pods Frameworks */,
			);
			buildRules = (
			);
			dependencies = (
			);
			name = NikoMood;
			productName = NikoMood;
			productReference = 652CB7A327E36831003C9AFB /* NikoMood.app */;
			productType = "com.apple.product-type.application";
		};
		655AD47D281D591F0053F2BA /* NikoMoodTests */ = {
			isa = PBXNativeTarget;
			buildConfigurationList = 655AD484281D591F0053F2BA /* Build configuration list for PBXNativeTarget "NikoMoodTests" */;
			buildPhases = (
				F1DA47F74F756225C778D9E2 /* [CP] Check Pods Manifest.lock */,
				655AD47A281D591F0053F2BA /* Sources */,
				655AD47B281D591F0053F2BA /* Frameworks */,
				655AD47C281D591F0053F2BA /* Resources */,
			);
			buildRules = (
			);
			dependencies = (
				655AD483281D591F0053F2BA /* PBXTargetDependency */,
			);
			name = NikoMoodTests;
			productName = NikoMoodTests;
			productReference = 655AD47E281D591F0053F2BA /* NikoMoodTests.xctest */;
			productType = "com.apple.product-type.bundle.unit-test";
		};
/* End PBXNativeTarget section */

/* Begin PBXProject section */
		652CB79B27E36831003C9AFB /* Project object */ = {
			isa = PBXProject;
			attributes = {
				BuildIndependentTargetsInParallel = 1;
				LastSwiftUpdateCheck = 1330;
				LastUpgradeCheck = 1330;
				TargetAttributes = {
					652CB7A227E36831003C9AFB = {
						CreatedOnToolsVersion = 13.3;
					};
					655AD47D281D591F0053F2BA = {
						CreatedOnToolsVersion = 13.3.1;
						TestTargetID = 652CB7A227E36831003C9AFB;
					};
				};
			};
			buildConfigurationList = 652CB79E27E36831003C9AFB /* Build configuration list for PBXProject "NikoMood" */;
			compatibilityVersion = "Xcode 13.0";
			developmentRegion = en;
			hasScannedForEncodings = 0;
			knownRegions = (
				en,
				Base,
				fr,
			);
			mainGroup = 652CB79A27E36831003C9AFB;
			productRefGroup = 652CB7A427E36831003C9AFB /* Products */;
			projectDirPath = "";
			projectRoot = "";
			targets = (
				652CB7A227E36831003C9AFB /* NikoMood */,
				655AD47D281D591F0053F2BA /* NikoMoodTests */,
			);
		};
/* End PBXProject section */

/* Begin PBXResourcesBuildPhase section */
		652CB7A127E36831003C9AFB /* Resources */ = {
			isa = PBXResourcesBuildPhase;
			buildActionMask = 2147483647;
			files = (
				65502D172825CAE400386163 /* Localizable.strings in Resources */,
				652CB7B327E36833003C9AFB /* LaunchScreen.storyboard in Resources */,
				652CB7D727E36A84003C9AFB /* GoogleService-Info.plist in Resources */,
				6538BA7E27EDA92A00C1B8EF /* Assets.xcassets in Resources */,
				652CB7AE27E36831003C9AFB /* Main.storyboard in Resources */,
			);
			runOnlyForDeploymentPostprocessing = 0;
		};
		655AD47C281D591F0053F2BA /* Resources */ = {
			isa = PBXResourcesBuildPhase;
			buildActionMask = 2147483647;
			files = (
			);
			runOnlyForDeploymentPostprocessing = 0;
		};
/* End PBXResourcesBuildPhase section */

/* Begin PBXShellScriptBuildPhase section */
		7F644901EFD6767C6B33D382 /* [CP] Embed Pods Frameworks */ = {
			isa = PBXShellScriptBuildPhase;
			buildActionMask = 2147483647;
			files = (
			);
			inputFileListPaths = (
				"${PODS_ROOT}/Target Support Files/Pods-NikoMood/Pods-NikoMood-frameworks-${CONFIGURATION}-input-files.xcfilelist",
			);
			name = "[CP] Embed Pods Frameworks";
			outputFileListPaths = (
				"${PODS_ROOT}/Target Support Files/Pods-NikoMood/Pods-NikoMood-frameworks-${CONFIGURATION}-output-files.xcfilelist",
			);
			runOnlyForDeploymentPostprocessing = 0;
			shellPath = /bin/sh;
			shellScript = "\"${PODS_ROOT}/Target Support Files/Pods-NikoMood/Pods-NikoMood-frameworks.sh\"\n";
			showEnvVarsInLog = 0;
		};
		9FF2EC41FCDC361CCEE52B4F /* [CP] Check Pods Manifest.lock */ = {
			isa = PBXShellScriptBuildPhase;
			buildActionMask = 2147483647;
			files = (
			);
			inputFileListPaths = (
			);
			inputPaths = (
				"${PODS_PODFILE_DIR_PATH}/Podfile.lock",
				"${PODS_ROOT}/Manifest.lock",
			);
			name = "[CP] Check Pods Manifest.lock";
			outputFileListPaths = (
			);
			outputPaths = (
				"$(DERIVED_FILE_DIR)/Pods-NikoMood-checkManifestLockResult.txt",
			);
			runOnlyForDeploymentPostprocessing = 0;
			shellPath = /bin/sh;
			shellScript = "diff \"${PODS_PODFILE_DIR_PATH}/Podfile.lock\" \"${PODS_ROOT}/Manifest.lock\" > /dev/null\nif [ $? != 0 ] ; then\n    # print error to STDERR\n    echo \"error: The sandbox is not in sync with the Podfile.lock. Run 'pod install' or update your CocoaPods installation.\" >&2\n    exit 1\nfi\n# This output is used by Xcode 'outputs' to avoid re-running this script phase.\necho \"SUCCESS\" > \"${SCRIPT_OUTPUT_FILE_0}\"\n";
			showEnvVarsInLog = 0;
		};
		F1DA47F74F756225C778D9E2 /* [CP] Check Pods Manifest.lock */ = {
			isa = PBXShellScriptBuildPhase;
			buildActionMask = 2147483647;
			files = (
			);
			inputFileListPaths = (
			);
			inputPaths = (
				"${PODS_PODFILE_DIR_PATH}/Podfile.lock",
				"${PODS_ROOT}/Manifest.lock",
			);
			name = "[CP] Check Pods Manifest.lock";
			outputFileListPaths = (
			);
			outputPaths = (
				"$(DERIVED_FILE_DIR)/Pods-NikoMoodTests-checkManifestLockResult.txt",
			);
			runOnlyForDeploymentPostprocessing = 0;
			shellPath = /bin/sh;
			shellScript = "diff \"${PODS_PODFILE_DIR_PATH}/Podfile.lock\" \"${PODS_ROOT}/Manifest.lock\" > /dev/null\nif [ $? != 0 ] ; then\n    # print error to STDERR\n    echo \"error: The sandbox is not in sync with the Podfile.lock. Run 'pod install' or update your CocoaPods installation.\" >&2\n    exit 1\nfi\n# This output is used by Xcode 'outputs' to avoid re-running this script phase.\necho \"SUCCESS\" > \"${SCRIPT_OUTPUT_FILE_0}\"\n";
			showEnvVarsInLog = 0;
		};
/* End PBXShellScriptBuildPhase section */

/* Begin PBXSourcesBuildPhase section */
		652CB79F27E36831003C9AFB /* Sources */ = {
			isa = PBXSourcesBuildPhase;
			buildActionMask = 2147483647;
			files = (
				655AD4792816D7FA0053F2BA /* DatabaseManager.swift in Sources */,
				656386BF27F72B6A00539713 /* CalendarCell.swift in Sources */,
				655AD4772816D7EE0053F2BA /* FirebaseDatabase.swift in Sources */,
				656386C127F9D25500539713 /* LocationTableCell.swift in Sources */,
				6563870127FCED7A00539713 /* TeamLocationTableViewController.swift in Sources */,
				6538BA8027F08E9000C1B8EF /* 5MCauseTableViewController.swift in Sources */,
				65D3F13427F5CE2D00D0355C /* CalendViewController.swift in Sources */,
				65EC619D282ADAD5004C509F /* GenericTableView.swift in Sources */,
				652CB7AB27E36831003C9AFB /* ViewController.swift in Sources */,
				65F5B746280CC040003A9968 /* NikoSuiviViewController.swift in Sources */,
				65AF5428280F4A57003C222A /* IshikawaViewController.swift in Sources */,
				656386BD27F72A0600539713 /* CalendarHelper.swift in Sources */,
				652CB7A727E36831003C9AFB /* AppDelegate.swift in Sources */,
				65D3F12C27F4B0CB00D0355C /* FirestoreError.swift in Sources */,
				652CB7E127E4BDD6003C9AFB /* Utilities.swift in Sources */,
				65502D132825C82B00386163 /* String.swift in Sources */,
				656386B927F5E59B00539713 /* UITableViewCell.swift in Sources */,
				652CB7DA27E36E17003C9AFB /* SignUpViewController.swift in Sources */,
				652CB7DC27E36E3F003C9AFB /* LoginViewController.swift in Sources */,
				655AD4712816CCC80053F2BA /* AuthFirebase.swift in Sources */,
				652CB7A927E36831003C9AFB /* SceneDelegate.swift in Sources */,
				655AD4732816CD390053F2BA /* AuthService.swift in Sources */,
				652307CB27EC92F40069EB12 /* NikorecordViewController.swift in Sources */,
				6538BA7C27ECB06A00C1B8EF /* UIViewController.swift in Sources */,
				6538BA8427F11B2E00C1B8EF /* NikoGlobalType.swift in Sources */,
				65462AA227E618AB005C780E /* Constants.swift in Sources */,
				656386BB27F6CB2D00539713 /* EntrepriseLocation.swift in Sources */,
			);
			runOnlyForDeploymentPostprocessing = 0;
		};
		655AD47A281D591F0053F2BA /* Sources */ = {
			isa = PBXSourcesBuildPhase;
			buildActionMask = 2147483647;
			files = (
				657BA442281EB40600602981 /* DatabaseManagerTests.swift in Sources */,
				655AD481281D591F0053F2BA /* AuthServiceTests.swift in Sources */,
			);
			runOnlyForDeploymentPostprocessing = 0;
		};
/* End PBXSourcesBuildPhase section */

/* Begin PBXTargetDependency section */
		655AD483281D591F0053F2BA /* PBXTargetDependency */ = {
			isa = PBXTargetDependency;
			target = 652CB7A227E36831003C9AFB /* NikoMood */;
			targetProxy = 655AD482281D591F0053F2BA /* PBXContainerItemProxy */;
		};
/* End PBXTargetDependency section */

/* Begin PBXVariantGroup section */
		652CB7AC27E36831003C9AFB /* Main.storyboard */ = {
			isa = PBXVariantGroup;
			children = (
				652CB7AD27E36831003C9AFB /* Base */,
				65502D1B2825CFDC00386163 /* fr */,
			);
			name = Main.storyboard;
			sourceTree = "<group>";
		};
		652CB7B127E36833003C9AFB /* LaunchScreen.storyboard */ = {
			isa = PBXVariantGroup;
			children = (
				652CB7B227E36833003C9AFB /* Base */,
			);
			name = LaunchScreen.storyboard;
			sourceTree = "<group>";
		};
		65502D192825CAE400386163 /* Localizable.strings */ = {
			isa = PBXVariantGroup;
			children = (
				65502D182825CAE400386163 /* en */,
				65502D1E2825D00F00386163 /* fr */,
			);
			name = Localizable.strings;
			sourceTree = "<group>";
		};
/* End PBXVariantGroup section */

/* Begin XCBuildConfiguration section */
		652CB7CB27E36833003C9AFB /* Debug */ = {
			isa = XCBuildConfiguration;
			buildSettings = {
				ALWAYS_SEARCH_USER_PATHS = NO;
				CLANG_ANALYZER_LOCALIZABILITY_NONLOCALIZED = YES;
				CLANG_ANALYZER_NONNULL = YES;
				CLANG_ANALYZER_NUMBER_OBJECT_CONVERSION = YES_AGGRESSIVE;
				CLANG_CXX_LANGUAGE_STANDARD = "gnu++17";
				CLANG_ENABLE_MODULES = YES;
				CLANG_ENABLE_OBJC_ARC = YES;
				CLANG_ENABLE_OBJC_WEAK = YES;
				CLANG_WARN_BLOCK_CAPTURE_AUTORELEASING = YES;
				CLANG_WARN_BOOL_CONVERSION = YES;
				CLANG_WARN_COMMA = YES;
				CLANG_WARN_CONSTANT_CONVERSION = YES;
				CLANG_WARN_DEPRECATED_OBJC_IMPLEMENTATIONS = YES;
				CLANG_WARN_DIRECT_OBJC_ISA_USAGE = YES_ERROR;
				CLANG_WARN_DOCUMENTATION_COMMENTS = YES;
				CLANG_WARN_EMPTY_BODY = YES;
				CLANG_WARN_ENUM_CONVERSION = YES;
				CLANG_WARN_INFINITE_RECURSION = YES;
				CLANG_WARN_INT_CONVERSION = YES;
				CLANG_WARN_NON_LITERAL_NULL_CONVERSION = YES;
				CLANG_WARN_OBJC_IMPLICIT_RETAIN_SELF = YES;
				CLANG_WARN_OBJC_LITERAL_CONVERSION = YES;
				CLANG_WARN_OBJC_ROOT_CLASS = YES_ERROR;
				CLANG_WARN_QUOTED_INCLUDE_IN_FRAMEWORK_HEADER = YES;
				CLANG_WARN_RANGE_LOOP_ANALYSIS = YES;
				CLANG_WARN_STRICT_PROTOTYPES = YES;
				CLANG_WARN_SUSPICIOUS_MOVE = YES;
				CLANG_WARN_UNGUARDED_AVAILABILITY = YES_AGGRESSIVE;
				CLANG_WARN_UNREACHABLE_CODE = YES;
				CLANG_WARN__DUPLICATE_METHOD_MATCH = YES;
				COPY_PHASE_STRIP = NO;
				DEBUG_INFORMATION_FORMAT = dwarf;
				ENABLE_STRICT_OBJC_MSGSEND = YES;
				ENABLE_TESTABILITY = YES;
				GCC_C_LANGUAGE_STANDARD = gnu11;
				GCC_DYNAMIC_NO_PIC = NO;
				GCC_NO_COMMON_BLOCKS = YES;
				GCC_OPTIMIZATION_LEVEL = 0;
				GCC_PREPROCESSOR_DEFINITIONS = (
					"DEBUG=1",
					"$(inherited)",
				);
				GCC_WARN_64_TO_32_BIT_CONVERSION = YES;
				GCC_WARN_ABOUT_RETURN_TYPE = YES_ERROR;
				GCC_WARN_UNDECLARED_SELECTOR = YES;
				GCC_WARN_UNINITIALIZED_AUTOS = YES_AGGRESSIVE;
				GCC_WARN_UNUSED_FUNCTION = YES;
				GCC_WARN_UNUSED_VARIABLE = YES;
				IPHONEOS_DEPLOYMENT_TARGET = 15.0;
				MTL_ENABLE_DEBUG_INFO = INCLUDE_SOURCE;
				MTL_FAST_MATH = YES;
				ONLY_ACTIVE_ARCH = YES;
				SDKROOT = iphoneos;
				SWIFT_ACTIVE_COMPILATION_CONDITIONS = DEBUG;
				SWIFT_OPTIMIZATION_LEVEL = "-Onone";
			};
			name = Debug;
		};
		652CB7CC27E36833003C9AFB /* Release */ = {
			isa = XCBuildConfiguration;
			buildSettings = {
				ALWAYS_SEARCH_USER_PATHS = NO;
				CLANG_ANALYZER_LOCALIZABILITY_NONLOCALIZED = YES;
				CLANG_ANALYZER_NONNULL = YES;
				CLANG_ANALYZER_NUMBER_OBJECT_CONVERSION = YES_AGGRESSIVE;
				CLANG_CXX_LANGUAGE_STANDARD = "gnu++17";
				CLANG_ENABLE_MODULES = YES;
				CLANG_ENABLE_OBJC_ARC = YES;
				CLANG_ENABLE_OBJC_WEAK = YES;
				CLANG_WARN_BLOCK_CAPTURE_AUTORELEASING = YES;
				CLANG_WARN_BOOL_CONVERSION = YES;
				CLANG_WARN_COMMA = YES;
				CLANG_WARN_CONSTANT_CONVERSION = YES;
				CLANG_WARN_DEPRECATED_OBJC_IMPLEMENTATIONS = YES;
				CLANG_WARN_DIRECT_OBJC_ISA_USAGE = YES_ERROR;
				CLANG_WARN_DOCUMENTATION_COMMENTS = YES;
				CLANG_WARN_EMPTY_BODY = YES;
				CLANG_WARN_ENUM_CONVERSION = YES;
				CLANG_WARN_INFINITE_RECURSION = YES;
				CLANG_WARN_INT_CONVERSION = YES;
				CLANG_WARN_NON_LITERAL_NULL_CONVERSION = YES;
				CLANG_WARN_OBJC_IMPLICIT_RETAIN_SELF = YES;
				CLANG_WARN_OBJC_LITERAL_CONVERSION = YES;
				CLANG_WARN_OBJC_ROOT_CLASS = YES_ERROR;
				CLANG_WARN_QUOTED_INCLUDE_IN_FRAMEWORK_HEADER = YES;
				CLANG_WARN_RANGE_LOOP_ANALYSIS = YES;
				CLANG_WARN_STRICT_PROTOTYPES = YES;
				CLANG_WARN_SUSPICIOUS_MOVE = YES;
				CLANG_WARN_UNGUARDED_AVAILABILITY = YES_AGGRESSIVE;
				CLANG_WARN_UNREACHABLE_CODE = YES;
				CLANG_WARN__DUPLICATE_METHOD_MATCH = YES;
				COPY_PHASE_STRIP = NO;
				DEBUG_INFORMATION_FORMAT = "dwarf-with-dsym";
				ENABLE_NS_ASSERTIONS = NO;
				ENABLE_STRICT_OBJC_MSGSEND = YES;
				GCC_C_LANGUAGE_STANDARD = gnu11;
				GCC_NO_COMMON_BLOCKS = YES;
				GCC_WARN_64_TO_32_BIT_CONVERSION = YES;
				GCC_WARN_ABOUT_RETURN_TYPE = YES_ERROR;
				GCC_WARN_UNDECLARED_SELECTOR = YES;
				GCC_WARN_UNINITIALIZED_AUTOS = YES_AGGRESSIVE;
				GCC_WARN_UNUSED_FUNCTION = YES;
				GCC_WARN_UNUSED_VARIABLE = YES;
				IPHONEOS_DEPLOYMENT_TARGET = 15.0;
				MTL_ENABLE_DEBUG_INFO = NO;
				MTL_FAST_MATH = YES;
				SDKROOT = iphoneos;
				SWIFT_COMPILATION_MODE = wholemodule;
				SWIFT_OPTIMIZATION_LEVEL = "-O";
				VALIDATE_PRODUCT = YES;
			};
			name = Release;
		};
		652CB7CE27E36833003C9AFB /* Debug */ = {
			isa = XCBuildConfiguration;
			baseConfigurationReference = 6FB0920377F7C20C5BE299C4 /* Pods-NikoMood.debug.xcconfig */;
			buildSettings = {
				ASSETCATALOG_COMPILER_APPICON_NAME = AppIcon;
				ASSETCATALOG_COMPILER_GLOBAL_ACCENT_COLOR_NAME = AccentColor;
				CODE_SIGN_STYLE = Automatic;
				CURRENT_PROJECT_VERSION = 1;
				GENERATE_INFOPLIST_FILE = YES;
				INFOPLIST_FILE = NikoMood/Info.plist;
				INFOPLIST_KEY_UIApplicationSupportsIndirectInputEvents = YES;
				INFOPLIST_KEY_UILaunchStoryboardName = LaunchScreen;
				INFOPLIST_KEY_UIMainStoryboardFile = Main;
				INFOPLIST_KEY_UISupportedInterfaceOrientations_iPad = "UIInterfaceOrientationPortrait UIInterfaceOrientationPortraitUpsideDown UIInterfaceOrientationLandscapeLeft UIInterfaceOrientationLandscapeRight";
				INFOPLIST_KEY_UISupportedInterfaceOrientations_iPhone = "UIInterfaceOrientationPortrait UIInterfaceOrientationLandscapeLeft UIInterfaceOrientationLandscapeRight";
				LD_RUNPATH_SEARCH_PATHS = (
					"$(inherited)",
					"@executable_path/Frameworks",
				);
				MARKETING_VERSION = 1.0;
				PRODUCT_BUNDLE_IDENTIFIER = com.jdgmad.NikoMood;
				PRODUCT_NAME = "$(TARGET_NAME)";
				SWIFT_EMIT_LOC_STRINGS = YES;
				SWIFT_VERSION = 5.0;
				TARGETED_DEVICE_FAMILY = "1,2";
			};
			name = Debug;
		};
		652CB7CF27E36833003C9AFB /* Release */ = {
			isa = XCBuildConfiguration;
			baseConfigurationReference = A897EF6B93E9ADE363CC83D4 /* Pods-NikoMood.release.xcconfig */;
			buildSettings = {
				ASSETCATALOG_COMPILER_APPICON_NAME = AppIcon;
				ASSETCATALOG_COMPILER_GLOBAL_ACCENT_COLOR_NAME = AccentColor;
				CODE_SIGN_STYLE = Automatic;
				CURRENT_PROJECT_VERSION = 1;
				GENERATE_INFOPLIST_FILE = YES;
				INFOPLIST_FILE = NikoMood/Info.plist;
				INFOPLIST_KEY_UIApplicationSupportsIndirectInputEvents = YES;
				INFOPLIST_KEY_UILaunchStoryboardName = LaunchScreen;
				INFOPLIST_KEY_UIMainStoryboardFile = Main;
				INFOPLIST_KEY_UISupportedInterfaceOrientations_iPad = "UIInterfaceOrientationPortrait UIInterfaceOrientationPortraitUpsideDown UIInterfaceOrientationLandscapeLeft UIInterfaceOrientationLandscapeRight";
				INFOPLIST_KEY_UISupportedInterfaceOrientations_iPhone = "UIInterfaceOrientationPortrait UIInterfaceOrientationLandscapeLeft UIInterfaceOrientationLandscapeRight";
				LD_RUNPATH_SEARCH_PATHS = (
					"$(inherited)",
					"@executable_path/Frameworks",
				);
				MARKETING_VERSION = 1.0;
				PRODUCT_BUNDLE_IDENTIFIER = com.jdgmad.NikoMood;
				PRODUCT_NAME = "$(TARGET_NAME)";
				SWIFT_EMIT_LOC_STRINGS = YES;
				SWIFT_VERSION = 5.0;
				TARGETED_DEVICE_FAMILY = "1,2";
			};
			name = Release;
		};
		655AD485281D591F0053F2BA /* Debug */ = {
			isa = XCBuildConfiguration;
			baseConfigurationReference = 357FC984621A25277A837CA4 /* Pods-NikoMoodTests.debug.xcconfig */;
			buildSettings = {
				BUNDLE_LOADER = "$(TEST_HOST)";
				CODE_SIGN_STYLE = Automatic;
				CURRENT_PROJECT_VERSION = 1;
				GENERATE_INFOPLIST_FILE = YES;
				MARKETING_VERSION = 1.0;
				PRODUCT_BUNDLE_IDENTIFIER = com.jdgmad.NikoMoodTests;
				PRODUCT_NAME = "$(TARGET_NAME)";
				SWIFT_EMIT_LOC_STRINGS = NO;
				SWIFT_VERSION = 5.0;
				TARGETED_DEVICE_FAMILY = "1,2";
				TEST_HOST = "$(BUILT_PRODUCTS_DIR)/NikoMood.app/NikoMood";
			};
			name = Debug;
		};
		655AD486281D591F0053F2BA /* Release */ = {
			isa = XCBuildConfiguration;
			baseConfigurationReference = 4B1FE6FE1A7E2918404F6AB3 /* Pods-NikoMoodTests.release.xcconfig */;
			buildSettings = {
				BUNDLE_LOADER = "$(TEST_HOST)";
				CODE_SIGN_STYLE = Automatic;
				CURRENT_PROJECT_VERSION = 1;
				GENERATE_INFOPLIST_FILE = YES;
				MARKETING_VERSION = 1.0;
				PRODUCT_BUNDLE_IDENTIFIER = com.jdgmad.NikoMoodTests;
				PRODUCT_NAME = "$(TARGET_NAME)";
				SWIFT_EMIT_LOC_STRINGS = NO;
				SWIFT_VERSION = 5.0;
				TARGETED_DEVICE_FAMILY = "1,2";
				TEST_HOST = "$(BUILT_PRODUCTS_DIR)/NikoMood.app/NikoMood";
			};
			name = Release;
		};
/* End XCBuildConfiguration section */

/* Begin XCConfigurationList section */
		652CB79E27E36831003C9AFB /* Build configuration list for PBXProject "NikoMood" */ = {
			isa = XCConfigurationList;
			buildConfigurations = (
				652CB7CB27E36833003C9AFB /* Debug */,
				652CB7CC27E36833003C9AFB /* Release */,
			);
			defaultConfigurationIsVisible = 0;
			defaultConfigurationName = Release;
		};
		652CB7CD27E36833003C9AFB /* Build configuration list for PBXNativeTarget "NikoMood" */ = {
			isa = XCConfigurationList;
			buildConfigurations = (
				652CB7CE27E36833003C9AFB /* Debug */,
				652CB7CF27E36833003C9AFB /* Release */,
			);
			defaultConfigurationIsVisible = 0;
			defaultConfigurationName = Release;
		};
		655AD484281D591F0053F2BA /* Build configuration list for PBXNativeTarget "NikoMoodTests" */ = {
			isa = XCConfigurationList;
			buildConfigurations = (
				655AD485281D591F0053F2BA /* Debug */,
				655AD486281D591F0053F2BA /* Release */,
			);
			defaultConfigurationIsVisible = 0;
			defaultConfigurationName = Release;
		};
/* End XCConfigurationList section */
	};
	rootObject = 652CB79B27E36831003C9AFB /* Project object */;
}
